{
  "requires": true,
  "lockfileVersion": 1,
  "dependencies": {
    "expressjs": {
      "version": "1.0.1",
      "resolved": "https://registry.npmjs.org/expressjs/-/expressjs-1.0.1.tgz",
      "integrity": "sha1-IgMoRpoY31rWFeK3oM6ZXxf7ru8="
    },
    "reactjs": {
      "version": "1.0.0",
      "resolved": "https://registry.npmjs.org/reactjs/-/reactjs-1.0.0.tgz",
      "integrity": "sha1-jblUie3JxPxTxTDUeicDoqyKHeQ="
    }
  }
}
